<?xml version="1.0" encoding="UTF-8"?>
<Scheme
   LastUpgradeVersion = "0820"
   version = "1.3">
   <BuildAction
      parallelizeBuildables = "YES"
      buildImplicitDependencies = "YES">
      <BuildActionEntries>
         <BuildActionEntry
            buildForTesting = "YES"
            buildForRunning = "YES"
            buildForProfiling = "YES"
            buildForArchiving = "YES"
            buildForAnalyzing = "YES">
            <BuildableReference
               BuildableIdentifier = "primary"
               BlueprintIdentifier = "4DB41A781E6D13C600909743"
               BuildableName = "Memory Graph&#x89e3;&#x51b3;&#x95ed;&#x5305;&#x5f15;&#x7528;.app"
               BlueprintName = "Memory Graph&#x89e3;&#x51b3;&#x95ed;&#x5305;&#x5f15;&#x7528;"
               ReferencedContainer = "container:Memory Graph&#x89e3;&#x51b3;&#x95ed;&#x5305;&#x5f15;&#x7528;.xcodeproj">
            </BuildableReference>
         </BuildActionEntry>
      </BuildActionEntries>
   </BuildAction>
   <TestAction
      buildConfiguration = "Debug"
      selectedDebuggerIdentifier = "Xcode.DebuggerFoundation.Debugger.LLDB"
      selectedLauncherIdentifier = "Xcode.DebuggerFoundation.Launcher.LLDB"
      shouldUseLaunchSchemeArgsEnv = "YES">
      <Testables>
         <TestableReference
            skipped = "NO">
            <BuildableReference
               BuildableIdentifier = "primary"
               BlueprintIdentifier = "4DB41A911E6D13C600909743"
               BuildableName = "Memory Graph&#x89e3;&#x51b3;&#x95ed;&#x5305;&#x5f15;&#x7528;Tests.xctest"
               BlueprintName = "Memory Graph&#x89e3;&#x51b3;&#x95ed;&#x5305;&#x5f15;&#x7528;Tests"
               ReferencedContainer = "container:Memory Graph&#x89e3;&#x51b3;&#x95ed;&#x5305;&#x5f15;&#x7528;.xcodeproj">
            </BuildableReference>
         </TestableReference>
         <TestableReference
            skipped = "NO">
            <BuildableReference
               BuildableIdentifier = "primary"
               BlueprintIdentifier = "4DB41A9C1E6D13C600909743"
               BuildableName = "Memory Graph&#x89e3;&#x51b3;&#x95ed;&#x5305;&#x5f15;&#x7528;UITests.xctest"
               BlueprintName = "Memory Graph&#x89e3;&#x51b3;&#x95ed;&#x5305;&#x5f15;&#x7528;UITests"
               ReferencedContainer = "container:Memory Graph&#x89e3;&#x51b3;&#x95ed;&#x5305;&#x5f15;&#x7528;.xcodeproj">
            </BuildableReference>
         </TestableReference>
      </Testables>
      <MacroExpansion>
         <BuildableReference
            BuildableIdentifier = "primary"
            BlueprintIdentifier = "4DB41A781E6D13C600909743"
            BuildableName = "Memory Graph&#x89e3;&#x51b3;&#x95ed;&#x5305;&#x5f15;&#x7528;.app"
            BlueprintName = "Memory Graph&#x89e3;&#x51b3;&#x95ed;&#x5305;&#x5f15;&#x7528;"
            ReferencedContainer = "container:Memory Graph&#x89e3;&#x51b3;&#x95ed;&#x5305;&#x5f15;&#x7528;.xcodeproj">
         </BuildableReference>
      </MacroExpansion>
      <AdditionalOptions>
      </AdditionalOptions>
   </TestAction>
   <LaunchAction
      buildConfiguration = "Debug"
      selectedDebuggerIdentifier = "Xcode.DebuggerFoundation.Debugger.LLDB"
      selectedLauncherIdentifier = "Xcode.DebuggerFoundation.Launcher.LLDB"
      launchStyle = "0"
      useCustomWorkingDirectory = "NO"
      ignoresPersistentStateOnLaunch = "NO"
      debugDocumentVersioning = "YES"
      debugServiceExtension = "internal"
      allowLocationSimulation = "YES">
      <BuildableProductRunnable
         runnableDebuggingMode = "0">
         <BuildableReference
            BuildableIdentifier = "primary"
            BlueprintIdentifier = "4DB41A781E6D13C600909743"
            BuildableName = "Memory Graph&#x89e3;&#x51b3;&#x95ed;&#x5305;&#x5f15;&#x7528;.app"
            BlueprintName = "Memory Graph&#x89e3;&#x51b3;&#x95ed;&#x5305;&#x5f15;&#x7528;"
            ReferencedContainer = "container:Memory Graph&#x89e3;&#x51b3;&#x95ed;&#x5305;&#x5f15;&#x7528;.xcodeproj">
         </BuildableReference>
      </BuildableProductRunnable>
      <AdditionalOptions>
      </AdditionalOptions>
   </LaunchAction>
   <ProfileAction
      buildConfiguration = "Release"
      shouldUseLaunchSchemeArgsEnv = "YES"
      savedToolIdentifier = ""
      useCustomWorkingDirectory = "NO"
      debugDocumentVersioning = "YES">
      <BuildableProductRunnable
         runnableDebuggingMode = "0">
         <BuildableReference
            BuildableIdentifier = "primary"
            BlueprintIdentifier = "4DB41A781E6D13C600909743"
            BuildableName = "Memory Graph&#x89e3;&#x51b3;&#x95ed;&#x5305;&#x5f15;&#x7528;.app"
            BlueprintName = "Memory Graph&#x89e3;&#x51b3;&#x95ed;&#x5305;&#x5f15;&#x7528;"
            ReferencedContainer = "container:Memory Graph&#x89e3;&#x51b3;&#x95ed;&#x5305;&#x5f15;&#x7528;.xcodeproj">
         </BuildableReference>
      </BuildableProductRunnable>
   </ProfileAction>
   <AnalyzeAction
      buildConfiguration = "Debug">
   </AnalyzeAction>
   <ArchiveAction
      buildConfiguration = "Release"
      revealArchiveInOrganizer = "YES">
   </ArchiveAction>
</Scheme>
