// !$*UTF8*$!
{
	archiveVersion = 1;
	classes = {
	};
	objectVersion = 46;
	objects = {

/* Begin PBXBuildFile section */
		4D8A43531B75653E00C7DA1B /* main.m in Sources */ = {isa = PBXBuildFile; fileRef = 4D8A43521B75653E00C7DA1B /* main.m */; };
		4D8A43561B75653E00C7DA1B /* AppDelegate.m in Sources */ = {isa = PBXBuildFile; fileRef = 4D8A43551B75653E00C7DA1B /* AppDelegate.m */; };
		4D8A43591B75653E00C7DA1B /* ViewController.m in Sources */ = {isa = PBXBuildFile; fileRef = 4D8A43581B75653E00C7DA1B /* ViewController.m */; };
		4D8A435C1B75653E00C7DA1B /* Main.storyboard in Resources */ = {isa = PBXBuildFile; fileRef = 4D8A435A1B75653E00C7DA1B /* Main.storyboard */; };
		4D8A435E1B75653E00C7DA1B /* Images.xcassets in Resources */ = {isa = PBXBuildFile; fileRef = 4D8A435D1B75653E00C7DA1B /* Images.xcassets */; };
		4D8A43611B75653E00C7DA1B /* LaunchScreen.xib in Resources */ = {isa = PBXBuildFile; fileRef = 4D8A435F1B75653E00C7DA1B /* LaunchScreen.xib */; };
		4D8A436D1B75653E00C7DA1B /* OprerationQueueTests.m in Sources */ = {isa = PBXBuildFile; fileRef = 4D8A436C1B75653E00C7DA1B /* OprerationQueueTests.m */; };
		4D8A437B1B75698700C7DA1B /* HCDCreateInvocationOperation.m in Sources */ = {isa = PBXBuildFile; fileRef = 4D8A437A1B75698700C7DA1B /* HCDCreateInvocationOperation.m */; };
		DDCA84721B75B27F00F162A6 /* HCDCreateBlockOperation.m in Sources */ = {isa = PBXBuildFile; fileRef = DDCA84711B75B27F00F162A6 /* HCDCreateBlockOperation.m */; };
		DDCA84771B75B6E100F162A6 /* HCDNonConcurrentOperation.m in Sources */ = {isa = PBXBuildFile; fileRef = DDCA84761B75B6E100F162A6 /* HCDNonConcurrentOperation.m */; };
		DDCA847A1B75B6F500F162A6 /* HCDConcurrentOperation.m in Sources */ = {isa = PBXBuildFile; fileRef = DDCA84791B75B6F500F162A6 /* HCDConcurrentOperation.m */; };
/* End PBXBuildFile section */

/* Begin PBXContainerItemProxy section */
		4D8A43671B75653E00C7DA1B /* PBXContainerItemProxy */ = {
			isa = PBXContainerItemProxy;
			containerPortal = 4D8A43451B75653E00C7DA1B /* Project object */;
			proxyType = 1;
			remoteGlobalIDString = 4D8A434C1B75653E00C7DA1B;
			remoteInfo = OprerationQueue;
		};
/* End PBXContainerItemProxy section */

/* Begin PBXFileReference section */
		4D8A434D1B75653E00C7DA1B /* OprerationQueue.app */ = {isa = PBXFileReference; explicitFileType = wrapper.application; includeInIndex = 0; path = OprerationQueue.app; sourceTree = BUILT_PRODUCTS_DIR; };
		4D8A43511B75653E00C7DA1B /* Info.plist */ = {isa = PBXFileReference; lastKnownFileType = text.plist.xml; path = Info.plist; sourceTree = "<group>"; };
		4D8A43521B75653E00C7DA1B /* main.m */ = {isa = PBXFileReference; lastKnownFileType = sourcecode.c.objc; path = main.m; sourceTree = "<group>"; };
		4D8A43541B75653E00C7DA1B /* AppDelegate.h */ = {isa = PBXFileReference; lastKnownFileType = sourcecode.c.h; path = AppDelegate.h; sourceTree = "<group>"; };
		4D8A43551B75653E00C7DA1B /* AppDelegate.m */ = {isa = PBXFileReference; lastKnownFileType = sourcecode.c.objc; path = AppDelegate.m; sourceTree = "<group>"; };
		4D8A43571B75653E00C7DA1B /* ViewController.h */ = {isa = PBXFileReference; lastKnownFileType = sourcecode.c.h; path = ViewController.h; sourceTree = "<group>"; };
		4D8A43581B75653E00C7DA1B /* ViewController.m */ = {isa = PBXFileReference; lastKnownFileType = sourcecode.c.objc; path = ViewController.m; sourceTree = "<group>"; };
		4D8A435B1B75653E00C7DA1B /* Base */ = {isa = PBXFileReference; lastKnownFileType = file.storyboard; name = Base; path = Base.lproj/Main.storyboard; sourceTree = "<group>"; };
		4D8A435D1B75653E00C7DA1B /* Images.xcassets */ = {isa = PBXFileReference; lastKnownFileType = folder.assetcatalog; path = Images.xcassets; sourceTree = "<group>"; };
		4D8A43601B75653E00C7DA1B /* Base */ = {isa = PBXFileReference; lastKnownFileType = file.xib; name = Base; path = Base.lproj/LaunchScreen.xib; sourceTree = "<group>"; };
		4D8A43661B75653E00C7DA1B /* OprerationQueueTests.xctest */ = {isa = PBXFileReference; explicitFileType = wrapper.cfbundle; includeInIndex = 0; path = OprerationQueueTests.xctest; sourceTree = BUILT_PRODUCTS_DIR; };
		4D8A436B1B75653E00C7DA1B /* Info.plist */ = {isa = PBXFileReference; lastKnownFileType = text.plist.xml; path = Info.plist; sourceTree = "<group>"; };
		4D8A436C1B75653E00C7DA1B /* OprerationQueueTests.m */ = {isa = PBXFileReference; lastKnownFileType = sourcecode.c.objc; path = OprerationQueueTests.m; sourceTree = "<group>"; };
		4D8A43791B75698700C7DA1B /* HCDCreateInvocationOperation.h */ = {isa = PBXFileReference; fileEncoding = 4; lastKnownFileType = sourcecode.c.h; path = HCDCreateInvocationOperation.h; sourceTree = "<group>"; };
		4D8A437A1B75698700C7DA1B /* HCDCreateInvocationOperation.m */ = {isa = PBXFileReference; fileEncoding = 4; lastKnownFileType = sourcecode.c.objc; path = HCDCreateInvocationOperation.m; sourceTree = "<group>"; };
		DDCA84701B75B27F00F162A6 /* HCDCreateBlockOperation.h */ = {isa = PBXFileReference; fileEncoding = 4; lastKnownFileType = sourcecode.c.h; path = HCDCreateBlockOperation.h; sourceTree = "<group>"; };
		DDCA84711B75B27F00F162A6 /* HCDCreateBlockOperation.m */ = {isa = PBXFileReference; fileEncoding = 4; lastKnownFileType = sourcecode.c.objc; path = HCDCreateBlockOperation.m; sourceTree = "<group>"; };
		DDCA84751B75B6E100F162A6 /* HCDNonConcurrentOperation.h */ = {isa = PBXFileReference; fileEncoding = 4; lastKnownFileType = sourcecode.c.h; path = HCDNonConcurrentOperation.h; sourceTree = "<group>"; };
		DDCA84761B75B6E100F162A6 /* HCDNonConcurrentOperation.m */ = {isa = PBXFileReference; fileEncoding = 4; lastKnownFileType = sourcecode.c.objc; path = HCDNonConcurrentOperation.m; sourceTree = "<group>"; };
		DDCA84781B75B6F500F162A6 /* HCDConcurrentOperation.h */ = {isa = PBXFileReference; fileEncoding = 4; lastKnownFileType = sourcecode.c.h; path = HCDConcurrentOperation.h; sourceTree = "<group>"; };
		DDCA84791B75B6F500F162A6 /* HCDConcurrentOperation.m */ = {isa = PBXFileReference; fileEncoding = 4; lastKnownFileType = sourcecode.c.objc; path = HCDConcurrentOperation.m; sourceTree = "<group>"; };
/* End PBXFileReference section */

/* Begin PBXFrameworksBuildPhase section */
		4D8A434A1B75653E00C7DA1B /* Frameworks */ = {
			isa = PBXFrameworksBuildPhase;
			buildActionMask = 2147483647;
			files = (
			);
			runOnlyForDeploymentPostprocessing = 0;
		};
		4D8A43631B75653E00C7DA1B /* Frameworks */ = {
			isa = PBXFrameworksBuildPhase;
			buildActionMask = 2147483647;
			files = (
			);
			runOnlyForDeploymentPostprocessing = 0;
		};
/* End PBXFrameworksBuildPhase section */

/* Begin PBXGroup section */
		4D8A43441B75653E00C7DA1B = {
			isa = PBXGroup;
			children = (
				4D8A434F1B75653E00C7DA1B /* OprerationQueue */,
				4D8A43691B75653E00C7DA1B /* OprerationQueueTests */,
				4D8A434E1B75653E00C7DA1B /* Products */,
			);
			sourceTree = "<group>";
		};
		4D8A434E1B75653E00C7DA1B /* Products */ = {
			isa = PBXGroup;
			children = (
				4D8A434D1B75653E00C7DA1B /* OprerationQueue.app */,
				4D8A43661B75653E00C7DA1B /* OprerationQueueTests.xctest */,
			);
			name = Products;
			sourceTree = "<group>";
		};
		4D8A434F1B75653E00C7DA1B /* OprerationQueue */ = {
			isa = PBXGroup;
			children = (
				4D8A43781B75695500C7DA1B /* CustomOperation */,
				4D8A43771B75694000C7DA1B /* BlockOperation */,
				4D8A43761B75692800C7DA1B /* invocationOperation */,
				4D8A43541B75653E00C7DA1B /* AppDelegate.h */,
				4D8A43551B75653E00C7DA1B /* AppDelegate.m */,
				4D8A43571B75653E00C7DA1B /* ViewController.h */,
				4D8A43581B75653E00C7DA1B /* ViewController.m */,
				4D8A435A1B75653E00C7DA1B /* Main.storyboard */,
				4D8A435D1B75653E00C7DA1B /* Images.xcassets */,
				4D8A435F1B75653E00C7DA1B /* LaunchScreen.xib */,
				4D8A43501B75653E00C7DA1B /* Supporting Files */,
			);
			path = OprerationQueue;
			sourceTree = "<group>";
		};
		4D8A43501B75653E00C7DA1B /* Supporting Files */ = {
			isa = PBXGroup;
			children = (
				4D8A43511B75653E00C7DA1B /* Info.plist */,
				4D8A43521B75653E00C7DA1B /* main.m */,
			);
			name = "Supporting Files";
			sourceTree = "<group>";
		};
		4D8A43691B75653E00C7DA1B /* OprerationQueueTests */ = {
			isa = PBXGroup;
			children = (
				4D8A436C1B75653E00C7DA1B /* OprerationQueueTests.m */,
				4D8A436A1B75653E00C7DA1B /* Supporting Files */,
			);
			path = OprerationQueueTests;
			sourceTree = "<group>";
		};
		4D8A436A1B75653E00C7DA1B /* Supporting Files */ = {
			isa = PBXGroup;
			children = (
				4D8A436B1B75653E00C7DA1B /* Info.plist */,
			);
			name = "Supporting Files";
			sourceTree = "<group>";
		};
		4D8A43761B75692800C7DA1B /* invocationOperation */ = {
			isa = PBXGroup;
			children = (
				4D8A43791B75698700C7DA1B /* HCDCreateInvocationOperation.h */,
				4D8A437A1B75698700C7DA1B /* HCDCreateInvocationOperation.m */,
			);
			name = invocationOperation;
			sourceTree = "<group>";
		};
		4D8A43771B75694000C7DA1B /* BlockOperation */ = {
			isa = PBXGroup;
			children = (
				DDCA84701B75B27F00F162A6 /* HCDCreateBlockOperation.h */,
				DDCA84711B75B27F00F162A6 /* HCDCreateBlockOperation.m */,
			);
			name = BlockOperation;
			sourceTree = "<group>";
		};
		4D8A43781B75695500C7DA1B /* CustomOperation */ = {
			isa = PBXGroup;
			children = (
				DDCA84741B75B6AB00F162A6 /* 并发 */,
				DDCA84731B75B69F00F162A6 /* 非并发 */,
			);
			name = CustomOperation;
			sourceTree = "<group>";
		};
		DDCA84731B75B69F00F162A6 /* 非并发 */ = {
			isa = PBXGroup;
			children = (
				DDCA84751B75B6E100F162A6 /* HCDNonConcurrentOperation.h */,
				DDCA84761B75B6E100F162A6 /* HCDNonConcurrentOperation.m */,
			);
			name = "非并发";
			sourceTree = "<group>";
		};
		DDCA84741B75B6AB00F162A6 /* 并发 */ = {
			isa = PBXGroup;
			children = (
				DDCA84781B75B6F500F162A6 /* HCDConcurrentOperation.h */,
				DDCA84791B75B6F500F162A6 /* HCDConcurrentOperation.m */,
			);
			name = "并发";
			sourceTree = "<group>";
		};
/* End PBXGroup section */

/* Begin PBXNativeTarget section */
		4D8A434C1B75653E00C7DA1B /* OprerationQueue */ = {
			isa = PBXNativeTarget;
			buildConfigurationList = 4D8A43701B75653E00C7DA1B /* Build configuration list for PBXNativeTarget "OprerationQueue" */;
			buildPhases = (
				4D8A43491B75653E00C7DA1B /* Sources */,
				4D8A434A1B75653E00C7DA1B /* Frameworks */,
				4D8A434B1B75653E00C7DA1B /* Resources */,
			);
			buildRules = (
			);
			dependencies = (
			);
			name = OprerationQueue;
			productName = OprerationQueue;
			productReference = 4D8A434D1B75653E00C7DA1B /* OprerationQueue.app */;
			productType = "com.apple.product-type.application";
		};
		4D8A43651B75653E00C7DA1B /* OprerationQueueTests */ = {
			isa = PBXNativeTarget;
			buildConfigurationList = 4D8A43731B75653E00C7DA1B /* Build configuration list for PBXNativeTarget "OprerationQueueTests" */;
			buildPhases = (
				4D8A43621B75653E00C7DA1B /* Sources */,
				4D8A43631B75653E00C7DA1B /* Frameworks */,
				4D8A43641B75653E00C7DA1B /* Resources */,
			);
			buildRules = (
			);
			dependencies = (
				4D8A43681B75653E00C7DA1B /* PBXTargetDependency */,
			);
			name = OprerationQueueTests;
			productName = OprerationQueueTests;
			productReference = 4D8A43661B75653E00C7DA1B /* OprerationQueueTests.xctest */;
			productType = "com.apple.product-type.bundle.unit-test";
		};
/* End PBXNativeTarget section */

/* Begin PBXProject section */
		4D8A43451B75653E00C7DA1B /* Project object */ = {
			isa = PBXProject;
			attributes = {
				LastUpgradeCheck = 0640;
				ORGANIZATIONNAME = "黄成都";
				TargetAttributes = {
					4D8A434C1B75653E00C7DA1B = {
						CreatedOnToolsVersion = 6.4;
					};
					4D8A43651B75653E00C7DA1B = {
						CreatedOnToolsVersion = 6.4;
						TestTargetID = 4D8A434C1B75653E00C7DA1B;
					};
				};
			};
			buildConfigurationList = 4D8A43481B75653E00C7DA1B /* Build configuration list for PBXProject "OprerationQueue" */;
			compatibilityVersion = "Xcode 3.2";
			developmentRegion = English;
			hasScannedForEncodings = 0;
			knownRegions = (
				en,
				Base,
			);
			mainGroup = 4D8A43441B75653E00C7DA1B;
			productRefGroup = 4D8A434E1B75653E00C7DA1B /* Products */;
			projectDirPath = "";
			projectRoot = "";
			targets = (
				4D8A434C1B75653E00C7DA1B /* OprerationQueue */,
				4D8A43651B75653E00C7DA1B /* OprerationQueueTests */,
			);
		};
/* End PBXProject section */

/* Begin PBXResourcesBuildPhase section */
		4D8A434B1B75653E00C7DA1B /* Resources */ = {
			isa = PBXResourcesBuildPhase;
			buildActionMask = 2147483647;
			files = (
				4D8A435C1B75653E00C7DA1B /* Main.storyboard in Resources */,
				4D8A43611B75653E00C7DA1B /* LaunchScreen.xib in Resources */,
				4D8A435E1B75653E00C7DA1B /* Images.xcassets in Resources */,
			);
			runOnlyForDeploymentPostprocessing = 0;
		};
		4D8A43641B75653E00C7DA1B /* Resources */ = {
			isa = PBXResourcesBuildPhase;
			buildActionMask = 2147483647;
			files = (
			);
			runOnlyForDeploymentPostprocessing = 0;
		};
/* End PBXResourcesBuildPhase section */

/* Begin PBXSourcesBuildPhase section */
		4D8A43491B75653E00C7DA1B /* Sources */ = {
			isa = PBXSourcesBuildPhase;
			buildActionMask = 2147483647;
			files = (
				4D8A43591B75653E00C7DA1B /* ViewController.m in Sources */,
				DDCA847A1B75B6F500F162A6 /* HCDConcurrentOperation.m in Sources */,
				4D8A43561B75653E00C7DA1B /* AppDelegate.m in Sources */,
				DDCA84721B75B27F00F162A6 /* HCDCreateBlockOperation.m in Sources */,
				4D8A43531B75653E00C7DA1B /* main.m in Sources */,
				DDCA84771B75B6E100F162A6 /* HCDNonConcurrentOperation.m in Sources */,
				4D8A437B1B75698700C7DA1B /* HCDCreateInvocationOperation.m in Sources */,
			);
			runOnlyForDeploymentPostprocessing = 0;
		};
		4D8A43621B75653E00C7DA1B /* Sources */ = {
			isa = PBXSourcesBuildPhase;
			buildActionMask = 2147483647;
			files = (
				4D8A436D1B75653E00C7DA1B /* OprerationQueueTests.m in Sources */,
			);
			runOnlyForDeploymentPostprocessing = 0;
		};
/* End PBXSourcesBuildPhase section */

/* Begin PBXTargetDependency section */
		4D8A43681B75653E00C7DA1B /* PBXTargetDependency */ = {
			isa = PBXTargetDependency;
			target = 4D8A434C1B75653E00C7DA1B /* OprerationQueue */;
			targetProxy = 4D8A43671B75653E00C7DA1B /* PBXContainerItemProxy */;
		};
/* End PBXTargetDependency section */

/* Begin PBXVariantGroup section */
		4D8A435A1B75653E00C7DA1B /* Main.storyboard */ = {
			isa = PBXVariantGroup;
			children = (
				4D8A435B1B75653E00C7DA1B /* Base */,
			);
			name = Main.storyboard;
			sourceTree = "<group>";
		};
		4D8A435F1B75653E00C7DA1B /* LaunchScreen.xib */ = {
			isa = PBXVariantGroup;
			children = (
				4D8A43601B75653E00C7DA1B /* Base */,
			);
			name = LaunchScreen.xib;
			sourceTree = "<group>";
		};
/* End PBXVariantGroup section */

/* Begin XCBuildConfiguration section */
		4D8A436E1B75653E00C7DA1B /* Debug */ = {
			isa = XCBuildConfiguration;
			buildSettings = {
				ALWAYS_SEARCH_USER_PATHS = NO;
				CLANG_CXX_LANGUAGE_STANDARD = "gnu++0x";
				CLANG_CXX_LIBRARY = "libc++";
				CLANG_ENABLE_MODULES = YES;
				CLANG_ENABLE_OBJC_ARC = YES;
				CLANG_WARN_BOOL_CONVERSION = YES;
				CLANG_WARN_CONSTANT_CONVERSION = YES;
				CLANG_WARN_DIRECT_OBJC_ISA_USAGE = YES_ERROR;
				CLANG_WARN_EMPTY_BODY = YES;
				CLANG_WARN_ENUM_CONVERSION = YES;
				CLANG_WARN_INT_CONVERSION = YES;
				CLANG_WARN_OBJC_ROOT_CLASS = YES_ERROR;
				CLANG_WARN_UNREACHABLE_CODE = YES;
				CLANG_WARN__DUPLICATE_METHOD_MATCH = YES;
				"CODE_SIGN_IDENTITY[sdk=iphoneos*]" = "iPhone Developer";
				COPY_PHASE_STRIP = NO;
				DEBUG_INFORMATION_FORMAT = "dwarf-with-dsym";
				ENABLE_STRICT_OBJC_MSGSEND = YES;
				GCC_C_LANGUAGE_STANDARD = gnu99;
				GCC_DYNAMIC_NO_PIC = NO;
				GCC_NO_COMMON_BLOCKS = YES;
				GCC_OPTIMIZATION_LEVEL = 0;
				GCC_PREPROCESSOR_DEFINITIONS = (
					"DEBUG=1",
					"$(inherited)",
				);
				GCC_SYMBOLS_PRIVATE_EXTERN = NO;
				GCC_WARN_64_TO_32_BIT_CONVERSION = YES;
				GCC_WARN_ABOUT_RETURN_TYPE = YES_ERROR;
				GCC_WARN_UNDECLARED_SELECTOR = YES;
				GCC_WARN_UNINITIALIZED_AUTOS = YES_AGGRESSIVE;
				GCC_WARN_UNUSED_FUNCTION = YES;
				GCC_WARN_UNUSED_VARIABLE = YES;
				IPHONEOS_DEPLOYMENT_TARGET = 8.4;
				MTL_ENABLE_DEBUG_INFO = YES;
				ONLY_ACTIVE_ARCH = YES;
				SDKROOT = iphoneos;
			};
			name = Debug;
		};
		4D8A436F1B75653E00C7DA1B /* Release */ = {
			isa = XCBuildConfiguration;
			buildSettings = {
				ALWAYS_SEARCH_USER_PATHS = NO;
				CLANG_CXX_LANGUAGE_STANDARD = "gnu++0x";
				CLANG_CXX_LIBRARY = "libc++";
				CLANG_ENABLE_MODULES = YES;
				CLANG_ENABLE_OBJC_ARC = YES;
				CLANG_WARN_BOOL_CONVERSION = YES;
				CLANG_WARN_CONSTANT_CONVERSION = YES;
				CLANG_WARN_DIRECT_OBJC_ISA_USAGE = YES_ERROR;
				CLANG_WARN_EMPTY_BODY = YES;
				CLANG_WARN_ENUM_CONVERSION = YES;
				CLANG_WARN_INT_CONVERSION = YES;
				CLANG_WARN_OBJC_ROOT_CLASS = YES_ERROR;
				CLANG_WARN_UNREACHABLE_CODE = YES;
				CLANG_WARN__DUPLICATE_METHOD_MATCH = YES;
				"CODE_SIGN_IDENTITY[sdk=iphoneos*]" = "iPhone Developer";
				COPY_PHASE_STRIP = NO;
				DEBUG_INFORMATION_FORMAT = "dwarf-with-dsym";
				ENABLE_NS_ASSERTIONS = NO;
				ENABLE_STRICT_OBJC_MSGSEND = YES;
				GCC_C_LANGUAGE_STANDARD = gnu99;
				GCC_NO_COMMON_BLOCKS = YES;
				GCC_WARN_64_TO_32_BIT_CONVERSION = YES;
				GCC_WARN_ABOUT_RETURN_TYPE = YES_ERROR;
				GCC_WARN_UNDECLARED_SELECTOR = YES;
				GCC_WARN_UNINITIALIZED_AUTOS = YES_AGGRESSIVE;
				GCC_WARN_UNUSED_FUNCTION = YES;
				GCC_WARN_UNUSED_VARIABLE = YES;
				IPHONEOS_DEPLOYMENT_TARGET = 8.4;
				MTL_ENABLE_DEBUG_INFO = NO;
				SDKROOT = iphoneos;
				VALIDATE_PRODUCT = YES;
			};
			name = Release;
		};
		4D8A43711B75653E00C7DA1B /* Debug */ = {
			isa = XCBuildConfiguration;
			buildSettings = {
				ASSETCATALOG_COMPILER_APPICON_NAME = AppIcon;
				INFOPLIST_FILE = OprerationQueue/Info.plist;
				LD_RUNPATH_SEARCH_PATHS = "$(inherited) @executable_path/Frameworks";
				PRODUCT_NAME = "$(TARGET_NAME)";
			};
			name = Debug;
		};
		4D8A43721B75653E00C7DA1B /* Release */ = {
			isa = XCBuildConfiguration;
			buildSettings = {
				ASSETCATALOG_COMPILER_APPICON_NAME = AppIcon;
				INFOPLIST_FILE = OprerationQueue/Info.plist;
				LD_RUNPATH_SEARCH_PATHS = "$(inherited) @executable_path/Frameworks";
				PRODUCT_NAME = "$(TARGET_NAME)";
			};
			name = Release;
		};
		4D8A43741B75653E00C7DA1B /* Debug */ = {
			isa = XCBuildConfiguration;
			buildSettings = {
				BUNDLE_LOADER = "$(TEST_HOST)";
				FRAMEWORK_SEARCH_PATHS = (
					"$(SDKROOT)/Developer/Library/Frameworks",
					"$(inherited)",
				);
				GCC_PREPROCESSOR_DEFINITIONS = (
					"DEBUG=1",
					"$(inherited)",
				);
				INFOPLIST_FILE = OprerationQueueTests/Info.plist;
				LD_RUNPATH_SEARCH_PATHS = "$(inherited) @executable_path/Frameworks @loader_path/Frameworks";
				PRODUCT_NAME = "$(TARGET_NAME)";
				TEST_HOST = "$(BUILT_PRODUCTS_DIR)/OprerationQueue.app/OprerationQueue";
			};
			name = Debug;
		};
		4D8A43751B75653E00C7DA1B /* Release */ = {
			isa = XCBuildConfiguration;
			buildSettings = {
				BUNDLE_LOADER = "$(TEST_HOST)";
				FRAMEWORK_SEARCH_PATHS = (
					"$(SDKROOT)/Developer/Library/Frameworks",
					"$(inherited)",
				);
				INFOPLIST_FILE = OprerationQueueTests/Info.plist;
				LD_RUNPATH_SEARCH_PATHS = "$(inherited) @executable_path/Frameworks @loader_path/Frameworks";
				PRODUCT_NAME = "$(TARGET_NAME)";
				TEST_HOST = "$(BUILT_PRODUCTS_DIR)/OprerationQueue.app/OprerationQueue";
			};
			name = Release;
		};
/* End XCBuildConfiguration section */

/* Begin XCConfigurationList section */
		4D8A43481B75653E00C7DA1B /* Build configuration list for PBXProject "OprerationQueue" */ = {
			isa = XCConfigurationList;
			buildConfigurations = (
				4D8A436E1B75653E00C7DA1B /* Debug */,
				4D8A436F1B75653E00C7DA1B /* Release */,
			);
			defaultConfigurationIsVisible = 0;
			defaultConfigurationName = Release;
		};
		4D8A43701B75653E00C7DA1B /* Build configuration list for PBXNativeTarget "OprerationQueue" */ = {
			isa = XCConfigurationList;
			buildConfigurations = (
				4D8A43711B75653E00C7DA1B /* Debug */,
				4D8A43721B75653E00C7DA1B /* Release */,
			);
			defaultConfigurationIsVisible = 0;
			defaultConfigurationName = Release;
		};
		4D8A43731B75653E00C7DA1B /* Build configuration list for PBXNativeTarget "OprerationQueueTests" */ = {
			isa = XCConfigurationList;
			buildConfigurations = (
				4D8A43741B75653E00C7DA1B /* Debug */,
				4D8A43751B75653E00C7DA1B /* Release */,
			);
			defaultConfigurationIsVisible = 0;
			defaultConfigurationName = Release;
		};
/* End XCConfigurationList section */
	};
	rootObject = 4D8A43451B75653E00C7DA1B /* Project object */;
}
