// !$*UTF8*$!
{
	archiveVersion = 1;
	classes = {
	};
	objectVersion = 46;
	objects = {

/* Begin PBXBuildFile section */
		4D45B86F1C49EE0B00E48A4B /* main.m in Sources */ = {isa = PBXBuildFile; fileRef = 4D45B86E1C49EE0B00E48A4B /* main.m */; };
		4D45B8721C49EE0B00E48A4B /* AppDelegate.m in Sources */ = {isa = PBXBuildFile; fileRef = 4D45B8711C49EE0B00E48A4B /* AppDelegate.m */; };
		4D45B8751C49EE0B00E48A4B /* ViewController.m in Sources */ = {isa = PBXBuildFile; fileRef = 4D45B8741C49EE0B00E48A4B /* ViewController.m */; };
		4D45B8781C49EE0B00E48A4B /* Main.storyboard in Resources */ = {isa = PBXBuildFile; fileRef = 4D45B8761C49EE0B00E48A4B /* Main.storyboard */; };
		4D45B87A1C49EE0B00E48A4B /* Assets.xcassets in Resources */ = {isa = PBXBuildFile; fileRef = 4D45B8791C49EE0B00E48A4B /* Assets.xcassets */; };
		4D45B87D1C49EE0B00E48A4B /* LaunchScreen.storyboard in Resources */ = {isa = PBXBuildFile; fileRef = 4D45B87B1C49EE0B00E48A4B /* LaunchScreen.storyboard */; };
		4D45B8881C49EE0B00E48A4B /* _________Tests.m in Sources */ = {isa = PBXBuildFile; fileRef = 4D45B8871C49EE0B00E48A4B /* _________Tests.m */; };
		4D45B8931C49EE0B00E48A4B /* _________UITests.m in Sources */ = {isa = PBXBuildFile; fileRef = 4D45B8921C49EE0B00E48A4B /* _________UITests.m */; };
		4D45B8A51C4A4BD900E48A4B /* HCDRefreshHeaderView.m in Sources */ = {isa = PBXBuildFile; fileRef = 4D45B8A41C4A4BD900E48A4B /* HCDRefreshHeaderView.m */; };
		4D45B8A81C4A4C0500E48A4B /* HCDRefreshFooterView.m in Sources */ = {isa = PBXBuildFile; fileRef = 4D45B8A71C4A4C0500E48A4B /* HCDRefreshFooterView.m */; };
		4D6B1B4D1C4C739E0092C4B3 /* FirstViewController.m in Sources */ = {isa = PBXBuildFile; fileRef = 4D6B1B4C1C4C739E0092C4B3 /* FirstViewController.m */; };
		4D6B1B501C4C73B00092C4B3 /* SecondViewController.m in Sources */ = {isa = PBXBuildFile; fileRef = 4D6B1B4F1C4C73B00092C4B3 /* SecondViewController.m */; };
		4D6B1B521C4C74CD0092C4B3 /* icon.jpg in Resources */ = {isa = PBXBuildFile; fileRef = 4D6B1B511C4C74CD0092C4B3 /* icon.jpg */; };
/* End PBXBuildFile section */

/* Begin PBXContainerItemProxy section */
		4D45B8841C49EE0B00E48A4B /* PBXContainerItemProxy */ = {
			isa = PBXContainerItemProxy;
			containerPortal = 4D45B8621C49EE0B00E48A4B /* Project object */;
			proxyType = 1;
			remoteGlobalIDString = 4D45B8691C49EE0B00E48A4B;
			remoteInfo = "自定义刷新控件轮子";
		};
		4D45B88F1C49EE0B00E48A4B /* PBXContainerItemProxy */ = {
			isa = PBXContainerItemProxy;
			containerPortal = 4D45B8621C49EE0B00E48A4B /* Project object */;
			proxyType = 1;
			remoteGlobalIDString = 4D45B8691C49EE0B00E48A4B;
			remoteInfo = "自定义刷新控件轮子";
		};
/* End PBXContainerItemProxy section */

/* Begin PBXFileReference section */
		4D45B86A1C49EE0B00E48A4B /* 自定义刷新控件轮子.app */ = {isa = PBXFileReference; explicitFileType = wrapper.application; includeInIndex = 0; path = "自定义刷新控件轮子.app"; sourceTree = BUILT_PRODUCTS_DIR; };
		4D45B86E1C49EE0B00E48A4B /* main.m */ = {isa = PBXFileReference; lastKnownFileType = sourcecode.c.objc; path = main.m; sourceTree = "<group>"; };
		4D45B8701C49EE0B00E48A4B /* AppDelegate.h */ = {isa = PBXFileReference; lastKnownFileType = sourcecode.c.h; path = AppDelegate.h; sourceTree = "<group>"; };
		4D45B8711C49EE0B00E48A4B /* AppDelegate.m */ = {isa = PBXFileReference; lastKnownFileType = sourcecode.c.objc; path = AppDelegate.m; sourceTree = "<group>"; };
		4D45B8731C49EE0B00E48A4B /* ViewController.h */ = {isa = PBXFileReference; lastKnownFileType = sourcecode.c.h; path = ViewController.h; sourceTree = "<group>"; };
		4D45B8741C49EE0B00E48A4B /* ViewController.m */ = {isa = PBXFileReference; lastKnownFileType = sourcecode.c.objc; path = ViewController.m; sourceTree = "<group>"; };
		4D45B8771C49EE0B00E48A4B /* Base */ = {isa = PBXFileReference; lastKnownFileType = file.storyboard; name = Base; path = Base.lproj/Main.storyboard; sourceTree = "<group>"; };
		4D45B8791C49EE0B00E48A4B /* Assets.xcassets */ = {isa = PBXFileReference; lastKnownFileType = folder.assetcatalog; path = Assets.xcassets; sourceTree = "<group>"; };
		4D45B87C1C49EE0B00E48A4B /* Base */ = {isa = PBXFileReference; lastKnownFileType = file.storyboard; name = Base; path = Base.lproj/LaunchScreen.storyboard; sourceTree = "<group>"; };
		4D45B87E1C49EE0B00E48A4B /* Info.plist */ = {isa = PBXFileReference; lastKnownFileType = text.plist.xml; path = Info.plist; sourceTree = "<group>"; };
		4D45B8831C49EE0B00E48A4B /* 自定义刷新控件轮子Tests.xctest */ = {isa = PBXFileReference; explicitFileType = wrapper.cfbundle; includeInIndex = 0; path = "自定义刷新控件轮子Tests.xctest"; sourceTree = BUILT_PRODUCTS_DIR; };
		4D45B8871C49EE0B00E48A4B /* _________Tests.m */ = {isa = PBXFileReference; lastKnownFileType = sourcecode.c.objc; path = "_________Tests.m"; sourceTree = "<group>"; };
		4D45B8891C49EE0B00E48A4B /* Info.plist */ = {isa = PBXFileReference; lastKnownFileType = text.plist.xml; path = Info.plist; sourceTree = "<group>"; };
		4D45B88E1C49EE0B00E48A4B /* 自定义刷新控件轮子UITests.xctest */ = {isa = PBXFileReference; explicitFileType = wrapper.cfbundle; includeInIndex = 0; path = "自定义刷新控件轮子UITests.xctest"; sourceTree = BUILT_PRODUCTS_DIR; };
		4D45B8921C49EE0B00E48A4B /* _________UITests.m */ = {isa = PBXFileReference; lastKnownFileType = sourcecode.c.objc; path = "_________UITests.m"; sourceTree = "<group>"; };
		4D45B8941C49EE0B00E48A4B /* Info.plist */ = {isa = PBXFileReference; lastKnownFileType = text.plist.xml; path = Info.plist; sourceTree = "<group>"; };
		4D45B8A31C4A4BD900E48A4B /* HCDRefreshHeaderView.h */ = {isa = PBXFileReference; fileEncoding = 4; lastKnownFileType = sourcecode.c.h; path = HCDRefreshHeaderView.h; sourceTree = "<group>"; };
		4D45B8A41C4A4BD900E48A4B /* HCDRefreshHeaderView.m */ = {isa = PBXFileReference; fileEncoding = 4; lastKnownFileType = sourcecode.c.objc; path = HCDRefreshHeaderView.m; sourceTree = "<group>"; };
		4D45B8A61C4A4C0500E48A4B /* HCDRefreshFooterView.h */ = {isa = PBXFileReference; fileEncoding = 4; lastKnownFileType = sourcecode.c.h; path = HCDRefreshFooterView.h; sourceTree = "<group>"; };
		4D45B8A71C4A4C0500E48A4B /* HCDRefreshFooterView.m */ = {isa = PBXFileReference; fileEncoding = 4; lastKnownFileType = sourcecode.c.objc; path = HCDRefreshFooterView.m; sourceTree = "<group>"; };
		4D45B8A91C4A4C3500E48A4B /* HCDRefresh.h */ = {isa = PBXFileReference; lastKnownFileType = sourcecode.c.h; path = HCDRefresh.h; sourceTree = "<group>"; };
		4D6B1B4B1C4C739E0092C4B3 /* FirstViewController.h */ = {isa = PBXFileReference; fileEncoding = 4; lastKnownFileType = sourcecode.c.h; path = FirstViewController.h; sourceTree = "<group>"; };
		4D6B1B4C1C4C739E0092C4B3 /* FirstViewController.m */ = {isa = PBXFileReference; fileEncoding = 4; lastKnownFileType = sourcecode.c.objc; path = FirstViewController.m; sourceTree = "<group>"; };
		4D6B1B4E1C4C73B00092C4B3 /* SecondViewController.h */ = {isa = PBXFileReference; fileEncoding = 4; lastKnownFileType = sourcecode.c.h; path = SecondViewController.h; sourceTree = "<group>"; };
		4D6B1B4F1C4C73B00092C4B3 /* SecondViewController.m */ = {isa = PBXFileReference; fileEncoding = 4; lastKnownFileType = sourcecode.c.objc; path = SecondViewController.m; sourceTree = "<group>"; };
		4D6B1B511C4C74CD0092C4B3 /* icon.jpg */ = {isa = PBXFileReference; lastKnownFileType = image.jpeg; path = icon.jpg; sourceTree = "<group>"; };
/* End PBXFileReference section */

/* Begin PBXFrameworksBuildPhase section */
		4D45B8671C49EE0B00E48A4B /* Frameworks */ = {
			isa = PBXFrameworksBuildPhase;
			buildActionMask = 2147483647;
			files = (
			);
			runOnlyForDeploymentPostprocessing = 0;
		};
		4D45B8801C49EE0B00E48A4B /* Frameworks */ = {
			isa = PBXFrameworksBuildPhase;
			buildActionMask = 2147483647;
			files = (
			);
			runOnlyForDeploymentPostprocessing = 0;
		};
		4D45B88B1C49EE0B00E48A4B /* Frameworks */ = {
			isa = PBXFrameworksBuildPhase;
			buildActionMask = 2147483647;
			files = (
			);
			runOnlyForDeploymentPostprocessing = 0;
		};
/* End PBXFrameworksBuildPhase section */

/* Begin PBXGroup section */
		4D45B8611C49EE0B00E48A4B = {
			isa = PBXGroup;
			children = (
				4D45B86C1C49EE0B00E48A4B /* 自定义刷新控件轮子 */,
				4D45B8861C49EE0B00E48A4B /* 自定义刷新控件轮子Tests */,
				4D45B8911C49EE0B00E48A4B /* 自定义刷新控件轮子UITests */,
				4D45B86B1C49EE0B00E48A4B /* Products */,
			);
			sourceTree = "<group>";
		};
		4D45B86B1C49EE0B00E48A4B /* Products */ = {
			isa = PBXGroup;
			children = (
				4D45B86A1C49EE0B00E48A4B /* 自定义刷新控件轮子.app */,
				4D45B8831C49EE0B00E48A4B /* 自定义刷新控件轮子Tests.xctest */,
				4D45B88E1C49EE0B00E48A4B /* 自定义刷新控件轮子UITests.xctest */,
			);
			name = Products;
			sourceTree = "<group>";
		};
		4D45B86C1C49EE0B00E48A4B /* 自定义刷新控件轮子 */ = {
			isa = PBXGroup;
			children = (
				4D45B8A21C4A4BA300E48A4B /* HCDRefresh */,
				4D45B8701C49EE0B00E48A4B /* AppDelegate.h */,
				4D45B8711C49EE0B00E48A4B /* AppDelegate.m */,
				4D45B8731C49EE0B00E48A4B /* ViewController.h */,
				4D45B8741C49EE0B00E48A4B /* ViewController.m */,
				4D45B8761C49EE0B00E48A4B /* Main.storyboard */,
				4D45B8791C49EE0B00E48A4B /* Assets.xcassets */,
				4D45B87B1C49EE0B00E48A4B /* LaunchScreen.storyboard */,
				4D45B87E1C49EE0B00E48A4B /* Info.plist */,
				4D45B86D1C49EE0B00E48A4B /* Supporting Files */,
				4D6B1B4B1C4C739E0092C4B3 /* FirstViewController.h */,
				4D6B1B4C1C4C739E0092C4B3 /* FirstViewController.m */,
				4D6B1B4E1C4C73B00092C4B3 /* SecondViewController.h */,
				4D6B1B4F1C4C73B00092C4B3 /* SecondViewController.m */,
			);
			path = "自定义刷新控件轮子";
			sourceTree = "<group>";
		};
		4D45B86D1C49EE0B00E48A4B /* Supporting Files */ = {
			isa = PBXGroup;
			children = (
				4D6B1B511C4C74CD0092C4B3 /* icon.jpg */,
				4D45B86E1C49EE0B00E48A4B /* main.m */,
			);
			name = "Supporting Files";
			sourceTree = "<group>";
		};
		4D45B8861C49EE0B00E48A4B /* 自定义刷新控件轮子Tests */ = {
			isa = PBXGroup;
			children = (
				4D45B8871C49EE0B00E48A4B /* _________Tests.m */,
				4D45B8891C49EE0B00E48A4B /* Info.plist */,
			);
			path = "自定义刷新控件轮子Tests";
			sourceTree = "<group>";
		};
		4D45B8911C49EE0B00E48A4B /* 自定义刷新控件轮子UITests */ = {
			isa = PBXGroup;
			children = (
				4D45B8921C49EE0B00E48A4B /* _________UITests.m */,
				4D45B8941C49EE0B00E48A4B /* Info.plist */,
			);
			path = "自定义刷新控件轮子UITests";
			sourceTree = "<group>";
		};
		4D45B8A21C4A4BA300E48A4B /* HCDRefresh */ = {
			isa = PBXGroup;
			children = (
				4D45B8A31C4A4BD900E48A4B /* HCDRefreshHeaderView.h */,
				4D45B8A41C4A4BD900E48A4B /* HCDRefreshHeaderView.m */,
				4D45B8A61C4A4C0500E48A4B /* HCDRefreshFooterView.h */,
				4D45B8A71C4A4C0500E48A4B /* HCDRefreshFooterView.m */,
				4D45B8A91C4A4C3500E48A4B /* HCDRefresh.h */,
			);
			path = HCDRefresh;
			sourceTree = "<group>";
		};
/* End PBXGroup section */

/* Begin PBXNativeTarget section */
		4D45B8691C49EE0B00E48A4B /* 自定义刷新控件轮子 */ = {
			isa = PBXNativeTarget;
			buildConfigurationList = 4D45B8971C49EE0B00E48A4B /* Build configuration list for PBXNativeTarget "自定义刷新控件轮子" */;
			buildPhases = (
				4D45B8661C49EE0B00E48A4B /* Sources */,
				4D45B8671C49EE0B00E48A4B /* Frameworks */,
				4D45B8681C49EE0B00E48A4B /* Resources */,
			);
			buildRules = (
			);
			dependencies = (
			);
			name = "自定义刷新控件轮子";
			productName = "自定义刷新控件轮子";
			productReference = 4D45B86A1C49EE0B00E48A4B /* 自定义刷新控件轮子.app */;
			productType = "com.apple.product-type.application";
		};
		4D45B8821C49EE0B00E48A4B /* 自定义刷新控件轮子Tests */ = {
			isa = PBXNativeTarget;
			buildConfigurationList = 4D45B89A1C49EE0B00E48A4B /* Build configuration list for PBXNativeTarget "自定义刷新控件轮子Tests" */;
			buildPhases = (
				4D45B87F1C49EE0B00E48A4B /* Sources */,
				4D45B8801C49EE0B00E48A4B /* Frameworks */,
				4D45B8811C49EE0B00E48A4B /* Resources */,
			);
			buildRules = (
			);
			dependencies = (
				4D45B8851C49EE0B00E48A4B /* PBXTargetDependency */,
			);
			name = "自定义刷新控件轮子Tests";
			productName = "自定义刷新控件轮子Tests";
			productReference = 4D45B8831C49EE0B00E48A4B /* 自定义刷新控件轮子Tests.xctest */;
			productType = "com.apple.product-type.bundle.unit-test";
		};
		4D45B88D1C49EE0B00E48A4B /* 自定义刷新控件轮子UITests */ = {
			isa = PBXNativeTarget;
			buildConfigurationList = 4D45B89D1C49EE0B00E48A4B /* Build configuration list for PBXNativeTarget "自定义刷新控件轮子UITests" */;
			buildPhases = (
				4D45B88A1C49EE0B00E48A4B /* Sources */,
				4D45B88B1C49EE0B00E48A4B /* Frameworks */,
				4D45B88C1C49EE0B00E48A4B /* Resources */,
			);
			buildRules = (
			);
			dependencies = (
				4D45B8901C49EE0B00E48A4B /* PBXTargetDependency */,
			);
			name = "自定义刷新控件轮子UITests";
			productName = "自定义刷新控件轮子UITests";
			productReference = 4D45B88E1C49EE0B00E48A4B /* 自定义刷新控件轮子UITests.xctest */;
			productType = "com.apple.product-type.bundle.ui-testing";
		};
/* End PBXNativeTarget section */

/* Begin PBXProject section */
		4D45B8621C49EE0B00E48A4B /* Project object */ = {
			isa = PBXProject;
			attributes = {
				LastUpgradeCheck = 0720;
				ORGANIZATIONNAME = "黄成都";
				TargetAttributes = {
					4D45B8691C49EE0B00E48A4B = {
						CreatedOnToolsVersion = 7.2;
					};
					4D45B8821C49EE0B00E48A4B = {
						CreatedOnToolsVersion = 7.2;
						TestTargetID = 4D45B8691C49EE0B00E48A4B;
					};
					4D45B88D1C49EE0B00E48A4B = {
						CreatedOnToolsVersion = 7.2;
						TestTargetID = 4D45B8691C49EE0B00E48A4B;
					};
				};
			};
			buildConfigurationList = 4D45B8651C49EE0B00E48A4B /* Build configuration list for PBXProject "自定义刷新控件轮子" */;
			compatibilityVersion = "Xcode 3.2";
			developmentRegion = English;
			hasScannedForEncodings = 0;
			knownRegions = (
				en,
				Base,
			);
			mainGroup = 4D45B8611C49EE0B00E48A4B;
			productRefGroup = 4D45B86B1C49EE0B00E48A4B /* Products */;
			projectDirPath = "";
			projectRoot = "";
			targets = (
				4D45B8691C49EE0B00E48A4B /* 自定义刷新控件轮子 */,
				4D45B8821C49EE0B00E48A4B /* 自定义刷新控件轮子Tests */,
				4D45B88D1C49EE0B00E48A4B /* 自定义刷新控件轮子UITests */,
			);
		};
/* End PBXProject section */

/* Begin PBXResourcesBuildPhase section */
		4D45B8681C49EE0B00E48A4B /* Resources */ = {
			isa = PBXResourcesBuildPhase;
			buildActionMask = 2147483647;
			files = (
				4D6B1B521C4C74CD0092C4B3 /* icon.jpg in Resources */,
				4D45B87D1C49EE0B00E48A4B /* LaunchScreen.storyboard in Resources */,
				4D45B87A1C49EE0B00E48A4B /* Assets.xcassets in Resources */,
				4D45B8781C49EE0B00E48A4B /* Main.storyboard in Resources */,
			);
			runOnlyForDeploymentPostprocessing = 0;
		};
		4D45B8811C49EE0B00E48A4B /* Resources */ = {
			isa = PBXResourcesBuildPhase;
			buildActionMask = 2147483647;
			files = (
			);
			runOnlyForDeploymentPostprocessing = 0;
		};
		4D45B88C1C49EE0B00E48A4B /* Resources */ = {
			isa = PBXResourcesBuildPhase;
			buildActionMask = 2147483647;
			files = (
			);
			runOnlyForDeploymentPostprocessing = 0;
		};
/* End PBXResourcesBuildPhase section */

/* Begin PBXSourcesBuildPhase section */
		4D45B8661C49EE0B00E48A4B /* Sources */ = {
			isa = PBXSourcesBuildPhase;
			buildActionMask = 2147483647;
			files = (
				4D45B8A81C4A4C0500E48A4B /* HCDRefreshFooterView.m in Sources */,
				4D6B1B4D1C4C739E0092C4B3 /* FirstViewController.m in Sources */,
				4D45B8751C49EE0B00E48A4B /* ViewController.m in Sources */,
				4D6B1B501C4C73B00092C4B3 /* SecondViewController.m in Sources */,
				4D45B8721C49EE0B00E48A4B /* AppDelegate.m in Sources */,
				4D45B86F1C49EE0B00E48A4B /* main.m in Sources */,
				4D45B8A51C4A4BD900E48A4B /* HCDRefreshHeaderView.m in Sources */,
			);
			runOnlyForDeploymentPostprocessing = 0;
		};
		4D45B87F1C49EE0B00E48A4B /* Sources */ = {
			isa = PBXSourcesBuildPhase;
			buildActionMask = 2147483647;
			files = (
				4D45B8881C49EE0B00E48A4B /* _________Tests.m in Sources */,
			);
			runOnlyForDeploymentPostprocessing = 0;
		};
		4D45B88A1C49EE0B00E48A4B /* Sources */ = {
			isa = PBXSourcesBuildPhase;
			buildActionMask = 2147483647;
			files = (
				4D45B8931C49EE0B00E48A4B /* _________UITests.m in Sources */,
			);
			runOnlyForDeploymentPostprocessing = 0;
		};
/* End PBXSourcesBuildPhase section */

/* Begin PBXTargetDependency section */
		4D45B8851C49EE0B00E48A4B /* PBXTargetDependency */ = {
			isa = PBXTargetDependency;
			target = 4D45B8691C49EE0B00E48A4B /* 自定义刷新控件轮子 */;
			targetProxy = 4D45B8841C49EE0B00E48A4B /* PBXContainerItemProxy */;
		};
		4D45B8901C49EE0B00E48A4B /* PBXTargetDependency */ = {
			isa = PBXTargetDependency;
			target = 4D45B8691C49EE0B00E48A4B /* 自定义刷新控件轮子 */;
			targetProxy = 4D45B88F1C49EE0B00E48A4B /* PBXContainerItemProxy */;
		};
/* End PBXTargetDependency section */

/* Begin PBXVariantGroup section */
		4D45B8761C49EE0B00E48A4B /* Main.storyboard */ = {
			isa = PBXVariantGroup;
			children = (
				4D45B8771C49EE0B00E48A4B /* Base */,
			);
			name = Main.storyboard;
			sourceTree = "<group>";
		};
		4D45B87B1C49EE0B00E48A4B /* LaunchScreen.storyboard */ = {
			isa = PBXVariantGroup;
			children = (
				4D45B87C1C49EE0B00E48A4B /* Base */,
			);
			name = LaunchScreen.storyboard;
			sourceTree = "<group>";
		};
/* End PBXVariantGroup section */

/* Begin XCBuildConfiguration section */
		4D45B8951C49EE0B00E48A4B /* Debug */ = {
			isa = XCBuildConfiguration;
			buildSettings = {
				ALWAYS_SEARCH_USER_PATHS = NO;
				CLANG_CXX_LANGUAGE_STANDARD = "gnu++0x";
				CLANG_CXX_LIBRARY = "libc++";
				CLANG_ENABLE_MODULES = YES;
				CLANG_ENABLE_OBJC_ARC = YES;
				CLANG_WARN_BOOL_CONVERSION = YES;
				CLANG_WARN_CONSTANT_CONVERSION = YES;
				CLANG_WARN_DIRECT_OBJC_ISA_USAGE = YES_ERROR;
				CLANG_WARN_EMPTY_BODY = YES;
				CLANG_WARN_ENUM_CONVERSION = YES;
				CLANG_WARN_INT_CONVERSION = YES;
				CLANG_WARN_OBJC_ROOT_CLASS = YES_ERROR;
				CLANG_WARN_UNREACHABLE_CODE = YES;
				CLANG_WARN__DUPLICATE_METHOD_MATCH = YES;
				"CODE_SIGN_IDENTITY[sdk=iphoneos*]" = "iPhone Developer";
				COPY_PHASE_STRIP = NO;
				DEBUG_INFORMATION_FORMAT = dwarf;
				ENABLE_STRICT_OBJC_MSGSEND = YES;
				ENABLE_TESTABILITY = YES;
				GCC_C_LANGUAGE_STANDARD = gnu99;
				GCC_DYNAMIC_NO_PIC = NO;
				GCC_NO_COMMON_BLOCKS = YES;
				GCC_OPTIMIZATION_LEVEL = 0;
				GCC_PREPROCESSOR_DEFINITIONS = (
					"DEBUG=1",
					"$(inherited)",
				);
				GCC_WARN_64_TO_32_BIT_CONVERSION = YES;
				GCC_WARN_ABOUT_RETURN_TYPE = YES_ERROR;
				GCC_WARN_UNDECLARED_SELECTOR = YES;
				GCC_WARN_UNINITIALIZED_AUTOS = YES_AGGRESSIVE;
				GCC_WARN_UNUSED_FUNCTION = YES;
				GCC_WARN_UNUSED_VARIABLE = YES;
				IPHONEOS_DEPLOYMENT_TARGET = 9.2;
				MTL_ENABLE_DEBUG_INFO = YES;
				ONLY_ACTIVE_ARCH = YES;
				SDKROOT = iphoneos;
				TARGETED_DEVICE_FAMILY = "1,2";
			};
			name = Debug;
		};
		4D45B8961C49EE0B00E48A4B /* Release */ = {
			isa = XCBuildConfiguration;
			buildSettings = {
				ALWAYS_SEARCH_USER_PATHS = NO;
				CLANG_CXX_LANGUAGE_STANDARD = "gnu++0x";
				CLANG_CXX_LIBRARY = "libc++";
				CLANG_ENABLE_MODULES = YES;
				CLANG_ENABLE_OBJC_ARC = YES;
				CLANG_WARN_BOOL_CONVERSION = YES;
				CLANG_WARN_CONSTANT_CONVERSION = YES;
				CLANG_WARN_DIRECT_OBJC_ISA_USAGE = YES_ERROR;
				CLANG_WARN_EMPTY_BODY = YES;
				CLANG_WARN_ENUM_CONVERSION = YES;
				CLANG_WARN_INT_CONVERSION = YES;
				CLANG_WARN_OBJC_ROOT_CLASS = YES_ERROR;
				CLANG_WARN_UNREACHABLE_CODE = YES;
				CLANG_WARN__DUPLICATE_METHOD_MATCH = YES;
				"CODE_SIGN_IDENTITY[sdk=iphoneos*]" = "iPhone Developer";
				COPY_PHASE_STRIP = NO;
				DEBUG_INFORMATION_FORMAT = "dwarf-with-dsym";
				ENABLE_NS_ASSERTIONS = NO;
				ENABLE_STRICT_OBJC_MSGSEND = YES;
				GCC_C_LANGUAGE_STANDARD = gnu99;
				GCC_NO_COMMON_BLOCKS = YES;
				GCC_WARN_64_TO_32_BIT_CONVERSION = YES;
				GCC_WARN_ABOUT_RETURN_TYPE = YES_ERROR;
				GCC_WARN_UNDECLARED_SELECTOR = YES;
				GCC_WARN_UNINITIALIZED_AUTOS = YES_AGGRESSIVE;
				GCC_WARN_UNUSED_FUNCTION = YES;
				GCC_WARN_UNUSED_VARIABLE = YES;
				IPHONEOS_DEPLOYMENT_TARGET = 9.2;
				MTL_ENABLE_DEBUG_INFO = NO;
				SDKROOT = iphoneos;
				TARGETED_DEVICE_FAMILY = "1,2";
				VALIDATE_PRODUCT = YES;
			};
			name = Release;
		};
		4D45B8981C49EE0B00E48A4B /* Debug */ = {
			isa = XCBuildConfiguration;
			buildSettings = {
				ASSETCATALOG_COMPILER_APPICON_NAME = AppIcon;
				INFOPLIST_FILE = "自定义刷新控件轮子/Info.plist";
				LD_RUNPATH_SEARCH_PATHS = "$(inherited) @executable_path/Frameworks";
				PRODUCT_BUNDLE_IDENTIFIER = "---.---------";
				PRODUCT_NAME = "$(TARGET_NAME)";
			};
			name = Debug;
		};
		4D45B8991C49EE0B00E48A4B /* Release */ = {
			isa = XCBuildConfiguration;
			buildSettings = {
				ASSETCATALOG_COMPILER_APPICON_NAME = AppIcon;
				INFOPLIST_FILE = "自定义刷新控件轮子/Info.plist";
				LD_RUNPATH_SEARCH_PATHS = "$(inherited) @executable_path/Frameworks";
				PRODUCT_BUNDLE_IDENTIFIER = "---.---------";
				PRODUCT_NAME = "$(TARGET_NAME)";
			};
			name = Release;
		};
		4D45B89B1C49EE0B00E48A4B /* Debug */ = {
			isa = XCBuildConfiguration;
			buildSettings = {
				BUNDLE_LOADER = "$(TEST_HOST)";
				INFOPLIST_FILE = "自定义刷新控件轮子Tests/Info.plist";
				LD_RUNPATH_SEARCH_PATHS = "$(inherited) @executable_path/Frameworks @loader_path/Frameworks";
				PRODUCT_BUNDLE_IDENTIFIER = "---.---------Tests";
				PRODUCT_NAME = "$(TARGET_NAME)";
				TEST_HOST = "$(BUILT_PRODUCTS_DIR)/自定义刷新控件轮子.app/自定义刷新控件轮子";
			};
			name = Debug;
		};
		4D45B89C1C49EE0B00E48A4B /* Release */ = {
			isa = XCBuildConfiguration;
			buildSettings = {
				BUNDLE_LOADER = "$(TEST_HOST)";
				INFOPLIST_FILE = "自定义刷新控件轮子Tests/Info.plist";
				LD_RUNPATH_SEARCH_PATHS = "$(inherited) @executable_path/Frameworks @loader_path/Frameworks";
				PRODUCT_BUNDLE_IDENTIFIER = "---.---------Tests";
				PRODUCT_NAME = "$(TARGET_NAME)";
				TEST_HOST = "$(BUILT_PRODUCTS_DIR)/自定义刷新控件轮子.app/自定义刷新控件轮子";
			};
			name = Release;
		};
		4D45B89E1C49EE0B00E48A4B /* Debug */ = {
			isa = XCBuildConfiguration;
			buildSettings = {
				INFOPLIST_FILE = "自定义刷新控件轮子UITests/Info.plist";
				LD_RUNPATH_SEARCH_PATHS = "$(inherited) @executable_path/Frameworks @loader_path/Frameworks";
				PRODUCT_BUNDLE_IDENTIFIER = "---.---------UITests";
				PRODUCT_NAME = "$(TARGET_NAME)";
				TEST_TARGET_NAME = "自定义刷新控件轮子";
				USES_XCTRUNNER = YES;
			};
			name = Debug;
		};
		4D45B89F1C49EE0B00E48A4B /* Release */ = {
			isa = XCBuildConfiguration;
			buildSettings = {
				INFOPLIST_FILE = "自定义刷新控件轮子UITests/Info.plist";
				LD_RUNPATH_SEARCH_PATHS = "$(inherited) @executable_path/Frameworks @loader_path/Frameworks";
				PRODUCT_BUNDLE_IDENTIFIER = "---.---------UITests";
				PRODUCT_NAME = "$(TARGET_NAME)";
				TEST_TARGET_NAME = "自定义刷新控件轮子";
				USES_XCTRUNNER = YES;
			};
			name = Release;
		};
/* End XCBuildConfiguration section */

/* Begin XCConfigurationList section */
		4D45B8651C49EE0B00E48A4B /* Build configuration list for PBXProject "自定义刷新控件轮子" */ = {
			isa = XCConfigurationList;
			buildConfigurations = (
				4D45B8951C49EE0B00E48A4B /* Debug */,
				4D45B8961C49EE0B00E48A4B /* Release */,
			);
			defaultConfigurationIsVisible = 0;
			defaultConfigurationName = Release;
		};
		4D45B8971C49EE0B00E48A4B /* Build configuration list for PBXNativeTarget "自定义刷新控件轮子" */ = {
			isa = XCConfigurationList;
			buildConfigurations = (
				4D45B8981C49EE0B00E48A4B /* Debug */,
				4D45B8991C49EE0B00E48A4B /* Release */,
			);
			defaultConfigurationIsVisible = 0;
			defaultConfigurationName = Release;
		};
		4D45B89A1C49EE0B00E48A4B /* Build configuration list for PBXNativeTarget "自定义刷新控件轮子Tests" */ = {
			isa = XCConfigurationList;
			buildConfigurations = (
				4D45B89B1C49EE0B00E48A4B /* Debug */,
				4D45B89C1C49EE0B00E48A4B /* Release */,
			);
			defaultConfigurationIsVisible = 0;
			defaultConfigurationName = Release;
		};
		4D45B89D1C49EE0B00E48A4B /* Build configuration list for PBXNativeTarget "自定义刷新控件轮子UITests" */ = {
			isa = XCConfigurationList;
			buildConfigurations = (
				4D45B89E1C49EE0B00E48A4B /* Debug */,
				4D45B89F1C49EE0B00E48A4B /* Release */,
			);
			defaultConfigurationIsVisible = 0;
			defaultConfigurationName = Release;
		};
/* End XCConfigurationList section */
	};
	rootObject = 4D45B8621C49EE0B00E48A4B /* Project object */;
}
