// !$*UTF8*$!
{
	archiveVersion = 1;
	classes = {
	};
	objectVersion = 46;
	objects = {

/* Begin PBXBuildFile section */
		4D4E6FED1C03F6F600603042 /* main.m in Sources */ = {isa = PBXBuildFile; fileRef = 4D4E6FEC1C03F6F600603042 /* main.m */; };
		4D4E6FF01C03F6F600603042 /* AppDelegate.m in Sources */ = {isa = PBXBuildFile; fileRef = 4D4E6FEF1C03F6F600603042 /* AppDelegate.m */; };
		4D4E6FF31C03F6F600603042 /* ViewController.m in Sources */ = {isa = PBXBuildFile; fileRef = 4D4E6FF21C03F6F600603042 /* ViewController.m */; };
		4D4E6FF61C03F6F600603042 /* Main.storyboard in Resources */ = {isa = PBXBuildFile; fileRef = 4D4E6FF41C03F6F600603042 /* Main.storyboard */; };
		4D4E6FF81C03F6F600603042 /* Assets.xcassets in Resources */ = {isa = PBXBuildFile; fileRef = 4D4E6FF71C03F6F600603042 /* Assets.xcassets */; };
		4D4E6FFB1C03F6F600603042 /* LaunchScreen.storyboard in Resources */ = {isa = PBXBuildFile; fileRef = 4D4E6FF91C03F6F600603042 /* LaunchScreen.storyboard */; };
		4D4E70061C03F6F600603042 /* LLDB______Tests.m in Sources */ = {isa = PBXBuildFile; fileRef = 4D4E70051C03F6F600603042 /* LLDB______Tests.m */; };
		4D4E70111C03F6F600603042 /* LLDB______UITests.m in Sources */ = {isa = PBXBuildFile; fileRef = 4D4E70101C03F6F600603042 /* LLDB______UITests.m */; };
		4D4E70211C03FDE700603042 /* SecondViewController.m in Sources */ = {isa = PBXBuildFile; fileRef = 4D4E701F1C03FDE700603042 /* SecondViewController.m */; };
		4D4E70221C03FDE700603042 /* SecondViewController.xib in Resources */ = {isa = PBXBuildFile; fileRef = 4D4E70201C03FDE700603042 /* SecondViewController.xib */; };
/* End PBXBuildFile section */

/* Begin PBXContainerItemProxy section */
		4D4E70021C03F6F600603042 /* PBXContainerItemProxy */ = {
			isa = PBXContainerItemProxy;
			containerPortal = 4D4E6FE01C03F6F600603042 /* Project object */;
			proxyType = 1;
			remoteGlobalIDString = 4D4E6FE71C03F6F600603042;
			remoteInfo = "LLDB调试命令初探";
		};
		4D4E700D1C03F6F600603042 /* PBXContainerItemProxy */ = {
			isa = PBXContainerItemProxy;
			containerPortal = 4D4E6FE01C03F6F600603042 /* Project object */;
			proxyType = 1;
			remoteGlobalIDString = 4D4E6FE71C03F6F600603042;
			remoteInfo = "LLDB调试命令初探";
		};
/* End PBXContainerItemProxy section */

/* Begin PBXFileReference section */
		4D4E6FE81C03F6F600603042 /* LLDB调试命令初探.app */ = {isa = PBXFileReference; explicitFileType = wrapper.application; includeInIndex = 0; path = "LLDB调试命令初探.app"; sourceTree = BUILT_PRODUCTS_DIR; };
		4D4E6FEC1C03F6F600603042 /* main.m */ = {isa = PBXFileReference; lastKnownFileType = sourcecode.c.objc; path = main.m; sourceTree = "<group>"; };
		4D4E6FEE1C03F6F600603042 /* AppDelegate.h */ = {isa = PBXFileReference; lastKnownFileType = sourcecode.c.h; path = AppDelegate.h; sourceTree = "<group>"; };
		4D4E6FEF1C03F6F600603042 /* AppDelegate.m */ = {isa = PBXFileReference; lastKnownFileType = sourcecode.c.objc; path = AppDelegate.m; sourceTree = "<group>"; };
		4D4E6FF11C03F6F600603042 /* ViewController.h */ = {isa = PBXFileReference; lastKnownFileType = sourcecode.c.h; path = ViewController.h; sourceTree = "<group>"; };
		4D4E6FF21C03F6F600603042 /* ViewController.m */ = {isa = PBXFileReference; lastKnownFileType = sourcecode.c.objc; path = ViewController.m; sourceTree = "<group>"; };
		4D4E6FF51C03F6F600603042 /* Base */ = {isa = PBXFileReference; lastKnownFileType = file.storyboard; name = Base; path = Base.lproj/Main.storyboard; sourceTree = "<group>"; };
		4D4E6FF71C03F6F600603042 /* Assets.xcassets */ = {isa = PBXFileReference; lastKnownFileType = folder.assetcatalog; path = Assets.xcassets; sourceTree = "<group>"; };
		4D4E6FFA1C03F6F600603042 /* Base */ = {isa = PBXFileReference; lastKnownFileType = file.storyboard; name = Base; path = Base.lproj/LaunchScreen.storyboard; sourceTree = "<group>"; };
		4D4E6FFC1C03F6F600603042 /* Info.plist */ = {isa = PBXFileReference; lastKnownFileType = text.plist.xml; path = Info.plist; sourceTree = "<group>"; };
		4D4E70011C03F6F600603042 /* LLDB调试命令初探Tests.xctest */ = {isa = PBXFileReference; explicitFileType = wrapper.cfbundle; includeInIndex = 0; path = "LLDB调试命令初探Tests.xctest"; sourceTree = BUILT_PRODUCTS_DIR; };
		4D4E70051C03F6F600603042 /* LLDB______Tests.m */ = {isa = PBXFileReference; lastKnownFileType = sourcecode.c.objc; path = "LLDB______Tests.m"; sourceTree = "<group>"; };
		4D4E70071C03F6F600603042 /* Info.plist */ = {isa = PBXFileReference; lastKnownFileType = text.plist.xml; path = Info.plist; sourceTree = "<group>"; };
		4D4E700C1C03F6F600603042 /* LLDB调试命令初探UITests.xctest */ = {isa = PBXFileReference; explicitFileType = wrapper.cfbundle; includeInIndex = 0; path = "LLDB调试命令初探UITests.xctest"; sourceTree = BUILT_PRODUCTS_DIR; };
		4D4E70101C03F6F600603042 /* LLDB______UITests.m */ = {isa = PBXFileReference; lastKnownFileType = sourcecode.c.objc; path = "LLDB______UITests.m"; sourceTree = "<group>"; };
		4D4E70121C03F6F600603042 /* Info.plist */ = {isa = PBXFileReference; lastKnownFileType = text.plist.xml; path = Info.plist; sourceTree = "<group>"; };
		4D4E701E1C03FDE700603042 /* SecondViewController.h */ = {isa = PBXFileReference; fileEncoding = 4; lastKnownFileType = sourcecode.c.h; path = SecondViewController.h; sourceTree = "<group>"; };
		4D4E701F1C03FDE700603042 /* SecondViewController.m */ = {isa = PBXFileReference; fileEncoding = 4; lastKnownFileType = sourcecode.c.objc; path = SecondViewController.m; sourceTree = "<group>"; };
		4D4E70201C03FDE700603042 /* SecondViewController.xib */ = {isa = PBXFileReference; fileEncoding = 4; lastKnownFileType = file.xib; path = SecondViewController.xib; sourceTree = "<group>"; };
/* End PBXFileReference section */

/* Begin PBXFrameworksBuildPhase section */
		4D4E6FE51C03F6F600603042 /* Frameworks */ = {
			isa = PBXFrameworksBuildPhase;
			buildActionMask = 2147483647;
			files = (
			);
			runOnlyForDeploymentPostprocessing = 0;
		};
		4D4E6FFE1C03F6F600603042 /* Frameworks */ = {
			isa = PBXFrameworksBuildPhase;
			buildActionMask = 2147483647;
			files = (
			);
			runOnlyForDeploymentPostprocessing = 0;
		};
		4D4E70091C03F6F600603042 /* Frameworks */ = {
			isa = PBXFrameworksBuildPhase;
			buildActionMask = 2147483647;
			files = (
			);
			runOnlyForDeploymentPostprocessing = 0;
		};
/* End PBXFrameworksBuildPhase section */

/* Begin PBXGroup section */
		4D4E6FDF1C03F6F600603042 = {
			isa = PBXGroup;
			children = (
				4D4E6FEA1C03F6F600603042 /* LLDB调试命令初探 */,
				4D4E70041C03F6F600603042 /* LLDB调试命令初探Tests */,
				4D4E700F1C03F6F600603042 /* LLDB调试命令初探UITests */,
				4D4E6FE91C03F6F600603042 /* Products */,
			);
			sourceTree = "<group>";
		};
		4D4E6FE91C03F6F600603042 /* Products */ = {
			isa = PBXGroup;
			children = (
				4D4E6FE81C03F6F600603042 /* LLDB调试命令初探.app */,
				4D4E70011C03F6F600603042 /* LLDB调试命令初探Tests.xctest */,
				4D4E700C1C03F6F600603042 /* LLDB调试命令初探UITests.xctest */,
			);
			name = Products;
			sourceTree = "<group>";
		};
		4D4E6FEA1C03F6F600603042 /* LLDB调试命令初探 */ = {
			isa = PBXGroup;
			children = (
				4D4E6FEE1C03F6F600603042 /* AppDelegate.h */,
				4D4E6FEF1C03F6F600603042 /* AppDelegate.m */,
				4D4E6FF11C03F6F600603042 /* ViewController.h */,
				4D4E6FF21C03F6F600603042 /* ViewController.m */,
				4D4E6FF41C03F6F600603042 /* Main.storyboard */,
				4D4E6FF71C03F6F600603042 /* Assets.xcassets */,
				4D4E6FF91C03F6F600603042 /* LaunchScreen.storyboard */,
				4D4E6FFC1C03F6F600603042 /* Info.plist */,
				4D4E6FEB1C03F6F600603042 /* Supporting Files */,
				4D4E701E1C03FDE700603042 /* SecondViewController.h */,
				4D4E701F1C03FDE700603042 /* SecondViewController.m */,
				4D4E70201C03FDE700603042 /* SecondViewController.xib */,
			);
			path = "LLDB调试命令初探";
			sourceTree = "<group>";
		};
		4D4E6FEB1C03F6F600603042 /* Supporting Files */ = {
			isa = PBXGroup;
			children = (
				4D4E6FEC1C03F6F600603042 /* main.m */,
			);
			name = "Supporting Files";
			sourceTree = "<group>";
		};
		4D4E70041C03F6F600603042 /* LLDB调试命令初探Tests */ = {
			isa = PBXGroup;
			children = (
				4D4E70051C03F6F600603042 /* LLDB______Tests.m */,
				4D4E70071C03F6F600603042 /* Info.plist */,
			);
			path = "LLDB调试命令初探Tests";
			sourceTree = "<group>";
		};
		4D4E700F1C03F6F600603042 /* LLDB调试命令初探UITests */ = {
			isa = PBXGroup;
			children = (
				4D4E70101C03F6F600603042 /* LLDB______UITests.m */,
				4D4E70121C03F6F600603042 /* Info.plist */,
			);
			path = "LLDB调试命令初探UITests";
			sourceTree = "<group>";
		};
/* End PBXGroup section */

/* Begin PBXNativeTarget section */
		4D4E6FE71C03F6F600603042 /* LLDB调试命令初探 */ = {
			isa = PBXNativeTarget;
			buildConfigurationList = 4D4E70151C03F6F600603042 /* Build configuration list for PBXNativeTarget "LLDB调试命令初探" */;
			buildPhases = (
				4D4E6FE41C03F6F600603042 /* Sources */,
				4D4E6FE51C03F6F600603042 /* Frameworks */,
				4D4E6FE61C03F6F600603042 /* Resources */,
			);
			buildRules = (
			);
			dependencies = (
			);
			name = "LLDB调试命令初探";
			productName = "LLDB调试命令初探";
			productReference = 4D4E6FE81C03F6F600603042 /* LLDB调试命令初探.app */;
			productType = "com.apple.product-type.application";
		};
		4D4E70001C03F6F600603042 /* LLDB调试命令初探Tests */ = {
			isa = PBXNativeTarget;
			buildConfigurationList = 4D4E70181C03F6F600603042 /* Build configuration list for PBXNativeTarget "LLDB调试命令初探Tests" */;
			buildPhases = (
				4D4E6FFD1C03F6F600603042 /* Sources */,
				4D4E6FFE1C03F6F600603042 /* Frameworks */,
				4D4E6FFF1C03F6F600603042 /* Resources */,
			);
			buildRules = (
			);
			dependencies = (
				4D4E70031C03F6F600603042 /* PBXTargetDependency */,
			);
			name = "LLDB调试命令初探Tests";
			productName = "LLDB调试命令初探Tests";
			productReference = 4D4E70011C03F6F600603042 /* LLDB调试命令初探Tests.xctest */;
			productType = "com.apple.product-type.bundle.unit-test";
		};
		4D4E700B1C03F6F600603042 /* LLDB调试命令初探UITests */ = {
			isa = PBXNativeTarget;
			buildConfigurationList = 4D4E701B1C03F6F600603042 /* Build configuration list for PBXNativeTarget "LLDB调试命令初探UITests" */;
			buildPhases = (
				4D4E70081C03F6F600603042 /* Sources */,
				4D4E70091C03F6F600603042 /* Frameworks */,
				4D4E700A1C03F6F600603042 /* Resources */,
			);
			buildRules = (
			);
			dependencies = (
				4D4E700E1C03F6F600603042 /* PBXTargetDependency */,
			);
			name = "LLDB调试命令初探UITests";
			productName = "LLDB调试命令初探UITests";
			productReference = 4D4E700C1C03F6F600603042 /* LLDB调试命令初探UITests.xctest */;
			productType = "com.apple.product-type.bundle.ui-testing";
		};
/* End PBXNativeTarget section */

/* Begin PBXProject section */
		4D4E6FE01C03F6F600603042 /* Project object */ = {
			isa = PBXProject;
			attributes = {
				LastUpgradeCheck = 0710;
				ORGANIZATIONNAME = huangchengdu;
				TargetAttributes = {
					4D4E6FE71C03F6F600603042 = {
						CreatedOnToolsVersion = 7.1.1;
					};
					4D4E70001C03F6F600603042 = {
						CreatedOnToolsVersion = 7.1.1;
						TestTargetID = 4D4E6FE71C03F6F600603042;
					};
					4D4E700B1C03F6F600603042 = {
						CreatedOnToolsVersion = 7.1.1;
						TestTargetID = 4D4E6FE71C03F6F600603042;
					};
				};
			};
			buildConfigurationList = 4D4E6FE31C03F6F600603042 /* Build configuration list for PBXProject "LLDB调试命令初探" */;
			compatibilityVersion = "Xcode 3.2";
			developmentRegion = English;
			hasScannedForEncodings = 0;
			knownRegions = (
				en,
				Base,
			);
			mainGroup = 4D4E6FDF1C03F6F600603042;
			productRefGroup = 4D4E6FE91C03F6F600603042 /* Products */;
			projectDirPath = "";
			projectRoot = "";
			targets = (
				4D4E6FE71C03F6F600603042 /* LLDB调试命令初探 */,
				4D4E70001C03F6F600603042 /* LLDB调试命令初探Tests */,
				4D4E700B1C03F6F600603042 /* LLDB调试命令初探UITests */,
			);
		};
/* End PBXProject section */

/* Begin PBXResourcesBuildPhase section */
		4D4E6FE61C03F6F600603042 /* Resources */ = {
			isa = PBXResourcesBuildPhase;
			buildActionMask = 2147483647;
			files = (
				4D4E70221C03FDE700603042 /* SecondViewController.xib in Resources */,
				4D4E6FFB1C03F6F600603042 /* LaunchScreen.storyboard in Resources */,
				4D4E6FF81C03F6F600603042 /* Assets.xcassets in Resources */,
				4D4E6FF61C03F6F600603042 /* Main.storyboard in Resources */,
			);
			runOnlyForDeploymentPostprocessing = 0;
		};
		4D4E6FFF1C03F6F600603042 /* Resources */ = {
			isa = PBXResourcesBuildPhase;
			buildActionMask = 2147483647;
			files = (
			);
			runOnlyForDeploymentPostprocessing = 0;
		};
		4D4E700A1C03F6F600603042 /* Resources */ = {
			isa = PBXResourcesBuildPhase;
			buildActionMask = 2147483647;
			files = (
			);
			runOnlyForDeploymentPostprocessing = 0;
		};
/* End PBXResourcesBuildPhase section */

/* Begin PBXSourcesBuildPhase section */
		4D4E6FE41C03F6F600603042 /* Sources */ = {
			isa = PBXSourcesBuildPhase;
			buildActionMask = 2147483647;
			files = (
				4D4E70211C03FDE700603042 /* SecondViewController.m in Sources */,
				4D4E6FF31C03F6F600603042 /* ViewController.m in Sources */,
				4D4E6FF01C03F6F600603042 /* AppDelegate.m in Sources */,
				4D4E6FED1C03F6F600603042 /* main.m in Sources */,
			);
			runOnlyForDeploymentPostprocessing = 0;
		};
		4D4E6FFD1C03F6F600603042 /* Sources */ = {
			isa = PBXSourcesBuildPhase;
			buildActionMask = 2147483647;
			files = (
				4D4E70061C03F6F600603042 /* LLDB______Tests.m in Sources */,
			);
			runOnlyForDeploymentPostprocessing = 0;
		};
		4D4E70081C03F6F600603042 /* Sources */ = {
			isa = PBXSourcesBuildPhase;
			buildActionMask = 2147483647;
			files = (
				4D4E70111C03F6F600603042 /* LLDB______UITests.m in Sources */,
			);
			runOnlyForDeploymentPostprocessing = 0;
		};
/* End PBXSourcesBuildPhase section */

/* Begin PBXTargetDependency section */
		4D4E70031C03F6F600603042 /* PBXTargetDependency */ = {
			isa = PBXTargetDependency;
			target = 4D4E6FE71C03F6F600603042 /* LLDB调试命令初探 */;
			targetProxy = 4D4E70021C03F6F600603042 /* PBXContainerItemProxy */;
		};
		4D4E700E1C03F6F600603042 /* PBXTargetDependency */ = {
			isa = PBXTargetDependency;
			target = 4D4E6FE71C03F6F600603042 /* LLDB调试命令初探 */;
			targetProxy = 4D4E700D1C03F6F600603042 /* PBXContainerItemProxy */;
		};
/* End PBXTargetDependency section */

/* Begin PBXVariantGroup section */
		4D4E6FF41C03F6F600603042 /* Main.storyboard */ = {
			isa = PBXVariantGroup;
			children = (
				4D4E6FF51C03F6F600603042 /* Base */,
			);
			name = Main.storyboard;
			sourceTree = "<group>";
		};
		4D4E6FF91C03F6F600603042 /* LaunchScreen.storyboard */ = {
			isa = PBXVariantGroup;
			children = (
				4D4E6FFA1C03F6F600603042 /* Base */,
			);
			name = LaunchScreen.storyboard;
			sourceTree = "<group>";
		};
/* End PBXVariantGroup section */

/* Begin XCBuildConfiguration section */
		4D4E70131C03F6F600603042 /* Debug */ = {
			isa = XCBuildConfiguration;
			buildSettings = {
				ALWAYS_SEARCH_USER_PATHS = NO;
				CLANG_CXX_LANGUAGE_STANDARD = "gnu++0x";
				CLANG_CXX_LIBRARY = "libc++";
				CLANG_ENABLE_MODULES = YES;
				CLANG_ENABLE_OBJC_ARC = YES;
				CLANG_WARN_BOOL_CONVERSION = YES;
				CLANG_WARN_CONSTANT_CONVERSION = YES;
				CLANG_WARN_DIRECT_OBJC_ISA_USAGE = YES_ERROR;
				CLANG_WARN_EMPTY_BODY = YES;
				CLANG_WARN_ENUM_CONVERSION = YES;
				CLANG_WARN_INT_CONVERSION = YES;
				CLANG_WARN_OBJC_ROOT_CLASS = YES_ERROR;
				CLANG_WARN_UNREACHABLE_CODE = YES;
				CLANG_WARN__DUPLICATE_METHOD_MATCH = YES;
				"CODE_SIGN_IDENTITY[sdk=iphoneos*]" = "iPhone Developer";
				COPY_PHASE_STRIP = NO;
				DEBUG_INFORMATION_FORMAT = dwarf;
				ENABLE_STRICT_OBJC_MSGSEND = YES;
				ENABLE_TESTABILITY = YES;
				GCC_C_LANGUAGE_STANDARD = gnu99;
				GCC_DYNAMIC_NO_PIC = NO;
				GCC_NO_COMMON_BLOCKS = YES;
				GCC_OPTIMIZATION_LEVEL = 0;
				GCC_PREPROCESSOR_DEFINITIONS = (
					"DEBUG=1",
					"$(inherited)",
				);
				GCC_WARN_64_TO_32_BIT_CONVERSION = YES;
				GCC_WARN_ABOUT_RETURN_TYPE = YES_ERROR;
				GCC_WARN_UNDECLARED_SELECTOR = YES;
				GCC_WARN_UNINITIALIZED_AUTOS = YES_AGGRESSIVE;
				GCC_WARN_UNUSED_FUNCTION = YES;
				GCC_WARN_UNUSED_VARIABLE = YES;
				IPHONEOS_DEPLOYMENT_TARGET = 9.1;
				MTL_ENABLE_DEBUG_INFO = YES;
				ONLY_ACTIVE_ARCH = YES;
				SDKROOT = iphoneos;
				TARGETED_DEVICE_FAMILY = "1,2";
			};
			name = Debug;
		};
		4D4E70141C03F6F600603042 /* Release */ = {
			isa = XCBuildConfiguration;
			buildSettings = {
				ALWAYS_SEARCH_USER_PATHS = NO;
				CLANG_CXX_LANGUAGE_STANDARD = "gnu++0x";
				CLANG_CXX_LIBRARY = "libc++";
				CLANG_ENABLE_MODULES = YES;
				CLANG_ENABLE_OBJC_ARC = YES;
				CLANG_WARN_BOOL_CONVERSION = YES;
				CLANG_WARN_CONSTANT_CONVERSION = YES;
				CLANG_WARN_DIRECT_OBJC_ISA_USAGE = YES_ERROR;
				CLANG_WARN_EMPTY_BODY = YES;
				CLANG_WARN_ENUM_CONVERSION = YES;
				CLANG_WARN_INT_CONVERSION = YES;
				CLANG_WARN_OBJC_ROOT_CLASS = YES_ERROR;
				CLANG_WARN_UNREACHABLE_CODE = YES;
				CLANG_WARN__DUPLICATE_METHOD_MATCH = YES;
				"CODE_SIGN_IDENTITY[sdk=iphoneos*]" = "iPhone Developer";
				COPY_PHASE_STRIP = NO;
				DEBUG_INFORMATION_FORMAT = "dwarf-with-dsym";
				ENABLE_NS_ASSERTIONS = NO;
				ENABLE_STRICT_OBJC_MSGSEND = YES;
				GCC_C_LANGUAGE_STANDARD = gnu99;
				GCC_NO_COMMON_BLOCKS = YES;
				GCC_WARN_64_TO_32_BIT_CONVERSION = YES;
				GCC_WARN_ABOUT_RETURN_TYPE = YES_ERROR;
				GCC_WARN_UNDECLARED_SELECTOR = YES;
				GCC_WARN_UNINITIALIZED_AUTOS = YES_AGGRESSIVE;
				GCC_WARN_UNUSED_FUNCTION = YES;
				GCC_WARN_UNUSED_VARIABLE = YES;
				IPHONEOS_DEPLOYMENT_TARGET = 9.1;
				MTL_ENABLE_DEBUG_INFO = NO;
				SDKROOT = iphoneos;
				TARGETED_DEVICE_FAMILY = "1,2";
				VALIDATE_PRODUCT = YES;
			};
			name = Release;
		};
		4D4E70161C03F6F600603042 /* Debug */ = {
			isa = XCBuildConfiguration;
			buildSettings = {
				ASSETCATALOG_COMPILER_APPICON_NAME = AppIcon;
				INFOPLIST_FILE = "LLDB调试命令初探/Info.plist";
				LD_RUNPATH_SEARCH_PATHS = "$(inherited) @executable_path/Frameworks";
				PRODUCT_BUNDLE_IDENTIFIER = "huangchengd.LLDB------";
				PRODUCT_NAME = "$(TARGET_NAME)";
			};
			name = Debug;
		};
		4D4E70171C03F6F600603042 /* Release */ = {
			isa = XCBuildConfiguration;
			buildSettings = {
				ASSETCATALOG_COMPILER_APPICON_NAME = AppIcon;
				INFOPLIST_FILE = "LLDB调试命令初探/Info.plist";
				LD_RUNPATH_SEARCH_PATHS = "$(inherited) @executable_path/Frameworks";
				PRODUCT_BUNDLE_IDENTIFIER = "huangchengd.LLDB------";
				PRODUCT_NAME = "$(TARGET_NAME)";
			};
			name = Release;
		};
		4D4E70191C03F6F600603042 /* Debug */ = {
			isa = XCBuildConfiguration;
			buildSettings = {
				BUNDLE_LOADER = "$(TEST_HOST)";
				INFOPLIST_FILE = "LLDB调试命令初探Tests/Info.plist";
				LD_RUNPATH_SEARCH_PATHS = "$(inherited) @executable_path/Frameworks @loader_path/Frameworks";
				PRODUCT_BUNDLE_IDENTIFIER = "huangchengd.LLDB------Tests";
				PRODUCT_NAME = "$(TARGET_NAME)";
				TEST_HOST = "$(BUILT_PRODUCTS_DIR)/LLDB调试命令初探.app/LLDB调试命令初探";
			};
			name = Debug;
		};
		4D4E701A1C03F6F600603042 /* Release */ = {
			isa = XCBuildConfiguration;
			buildSettings = {
				BUNDLE_LOADER = "$(TEST_HOST)";
				INFOPLIST_FILE = "LLDB调试命令初探Tests/Info.plist";
				LD_RUNPATH_SEARCH_PATHS = "$(inherited) @executable_path/Frameworks @loader_path/Frameworks";
				PRODUCT_BUNDLE_IDENTIFIER = "huangchengd.LLDB------Tests";
				PRODUCT_NAME = "$(TARGET_NAME)";
				TEST_HOST = "$(BUILT_PRODUCTS_DIR)/LLDB调试命令初探.app/LLDB调试命令初探";
			};
			name = Release;
		};
		4D4E701C1C03F6F600603042 /* Debug */ = {
			isa = XCBuildConfiguration;
			buildSettings = {
				INFOPLIST_FILE = "LLDB调试命令初探UITests/Info.plist";
				LD_RUNPATH_SEARCH_PATHS = "$(inherited) @executable_path/Frameworks @loader_path/Frameworks";
				PRODUCT_BUNDLE_IDENTIFIER = "huangchengd.LLDB------UITests";
				PRODUCT_NAME = "$(TARGET_NAME)";
				TEST_TARGET_NAME = "LLDB调试命令初探";
				USES_XCTRUNNER = YES;
			};
			name = Debug;
		};
		4D4E701D1C03F6F600603042 /* Release */ = {
			isa = XCBuildConfiguration;
			buildSettings = {
				INFOPLIST_FILE = "LLDB调试命令初探UITests/Info.plist";
				LD_RUNPATH_SEARCH_PATHS = "$(inherited) @executable_path/Frameworks @loader_path/Frameworks";
				PRODUCT_BUNDLE_IDENTIFIER = "huangchengd.LLDB------UITests";
				PRODUCT_NAME = "$(TARGET_NAME)";
				TEST_TARGET_NAME = "LLDB调试命令初探";
				USES_XCTRUNNER = YES;
			};
			name = Release;
		};
/* End XCBuildConfiguration section */

/* Begin XCConfigurationList section */
		4D4E6FE31C03F6F600603042 /* Build configuration list for PBXProject "LLDB调试命令初探" */ = {
			isa = XCConfigurationList;
			buildConfigurations = (
				4D4E70131C03F6F600603042 /* Debug */,
				4D4E70141C03F6F600603042 /* Release */,
			);
			defaultConfigurationIsVisible = 0;
			defaultConfigurationName = Release;
		};
		4D4E70151C03F6F600603042 /* Build configuration list for PBXNativeTarget "LLDB调试命令初探" */ = {
			isa = XCConfigurationList;
			buildConfigurations = (
				4D4E70161C03F6F600603042 /* Debug */,
				4D4E70171C03F6F600603042 /* Release */,
			);
			defaultConfigurationIsVisible = 0;
		};
		4D4E70181C03F6F600603042 /* Build configuration list for PBXNativeTarget "LLDB调试命令初探Tests" */ = {
			isa = XCConfigurationList;
			buildConfigurations = (
				4D4E70191C03F6F600603042 /* Debug */,
				4D4E701A1C03F6F600603042 /* Release */,
			);
			defaultConfigurationIsVisible = 0;
		};
		4D4E701B1C03F6F600603042 /* Build configuration list for PBXNativeTarget "LLDB调试命令初探UITests" */ = {
			isa = XCConfigurationList;
			buildConfigurations = (
				4D4E701C1C03F6F600603042 /* Debug */,
				4D4E701D1C03F6F600603042 /* Release */,
			);
			defaultConfigurationIsVisible = 0;
		};
/* End XCConfigurationList section */
	};
	rootObject = 4D4E6FE01C03F6F600603042 /* Project object */;
}
